
Microsoft Visual Studio Solution File, Format Version 12.00
# Visual Studio Version 16
VisualStudioVersion = 16.0.31911.196
MinimumVisualStudioVersion = 10.0.40219.1
Project("{FAE04EC0-301F-11D3-BF4B-00C04F79EFBC}") = "CourseProjectBL", "CourseProjectBL\CourseProjectBL.csproj", "{1F40C4A5-FEEF-4696-91B6-A3AC75C4F4AF}"
EndProject
Project("{FAE04EC0-301F-11D3-BF4B-00C04F79EFBC}") = "CourseProjectViewWPF", "CourseProjectViewWPF\CourseProjectViewWPF.csproj", "{08BC8772-F3A8-47FE-AB14-9F379D30674E}"
EndProject
Project("{FAE04EC0-301F-11D3-BF4B-00C04F79EFBC}") = "CourseProjectViewConsole", "CourseProjectViewConsole\CourseProjectViewConsole.csproj", "{291A613A-A352-4F19-BF5F-5361D0B82DBB}"
EndProject
Global
	GlobalSection(SolutionConfigurationPlatforms) = preSolution
		Debug|Any CPU = Debug|Any CPU
		Release|Any CPU = Release|Any CPU
	EndGlobalSection
	GlobalSection(ProjectConfigurationPlatforms) = postSolution
		{1F40C4A5-FEEF-4696-91B6-A3AC75C4F4AF}.Debug|Any CPU.ActiveCfg = Debug|Any CPU
		{1F40C4A5-FEEF-4696-91B6-A3AC75C4F4AF}.Debug|Any CPU.Build.0 = Debug|Any CPU
		{1F40C4A5-FEEF-4696-91B6-A3AC75C4F4AF}.Release|Any CPU.ActiveCfg = Release|Any CPU
		{1F40C4A5-FEEF-4696-91B6-A3AC75C4F4AF}.Release|Any CPU.Build.0 = Release|Any CPU
		{08BC8772-F3A8-47FE-AB14-9F379D30674E}.Debug|Any CPU.ActiveCfg = Debug|Any CPU
		{08BC8772-F3A8-47FE-AB14-9F379D30674E}.Debug|Any CPU.Build.0 = Debug|Any CPU
		{08BC8772-F3A8-47FE-AB14-9F379D30674E}.Release|Any CPU.ActiveCfg = Release|Any CPU
		{08BC8772-F3A8-47FE-AB14-9F379D30674E}.Release|Any CPU.Build.0 = Release|Any CPU
		{291A613A-A352-4F19-BF5F-5361D0B82DBB}.Debug|Any CPU.ActiveCfg = Debug|Any CPU
		{291A613A-A352-4F19-BF5F-5361D0B82DBB}.Debug|Any CPU.Build.0 = Debug|Any CPU
		{291A613A-A352-4F19-BF5F-5361D0B82DBB}.Release|Any CPU.ActiveCfg = Release|Any CPU
		{291A613A-A352-4F19-BF5F-5361D0B82DBB}.Release|Any CPU.Build.0 = Release|Any CPU
	EndGlobalSection
	GlobalSection(SolutionProperties) = preSolution
		HideSolutionNode = FALSE
	EndGlobalSection
	GlobalSection(ExtensibilityGlobals) = postSolution
		SolutionGuid = {FE70BD14-1FEF-479E-9A58-7BF22099F9BF}
	EndGlobalSection
EndGlobal
